// !$*UTF8*$!
{
	archiveVersion = 1;
	classes = {
	};
	objectVersion = 46;
	objects = {

/* Begin PBXBuildFile section */
		52265F0F1C03AA1D0047A96F /* bitmap.c in Sources */ = {isa = PBXBuildFile; fileRef = 52265F0D1C03AA1D0047A96F /* bitmap.c */; };
		5290C3FE1C0490270069818A /* FileManager.cpp in Sources */ = {isa = PBXBuildFile; fileRef = 5290C3FC1C0490270069818A /* FileManager.cpp */; };
		5290C4011C0496200069818A /* ViewManager.cpp in Sources */ = {isa = PBXBuildFile; fileRef = 5290C3FF1C0496200069818A /* ViewManager.cpp */; };
		5290C4041C04A3840069818A /* EventHandler.cpp in Sources */ = {isa = PBXBuildFile; fileRef = 5290C4021C04A3840069818A /* EventHandler.cpp */; };
		5290C4071C04A5BB0069818A /* CameraManager.cpp in Sources */ = {isa = PBXBuildFile; fileRef = 5290C4051C04A5BB0069818A /* CameraManager.cpp */; };
		5290C40A1C04A7130069818A /* Render.cpp in Sources */ = {isa = PBXBuildFile; fileRef = 5290C4081C04A7130069818A /* Render.cpp */; };
		52CB72D31C03A8F90050739A /* main.cpp in Sources */ = {isa = PBXBuildFile; fileRef = 52CB72D21C03A8F90050739A /* main.cpp */; };
		62697A4B1C0496750009653B /* SolidSphere.cpp in Sources */ = {isa = PBXBuildFile; fileRef = 62697A491C0496750009653B /* SolidSphere.cpp */; };
/* End PBXBuildFile section */

/* Begin PBXCopyFilesBuildPhase section */
		52CB72CD1C03A8F90050739A /* CopyFiles */ = {
			isa = PBXCopyFilesBuildPhase;
			buildActionMask = 2147483647;
			dstPath = /usr/share/man/man1/;
			dstSubfolderSpec = 0;
			files = (
			);
			runOnlyForDeploymentPostprocessing = 1;
		};
/* End PBXCopyFilesBuildPhase section */

/* Begin PBXFileReference section */
		52265F0D1C03AA1D0047A96F /* bitmap.c */ = {isa = PBXFileReference; fileEncoding = 4; lastKnownFileType = sourcecode.c.c; path = bitmap.c; sourceTree = "<group>"; };
		52265F0E1C03AA1D0047A96F /* bitmap.h */ = {isa = PBXFileReference; fileEncoding = 4; lastKnownFileType = sourcecode.c.h; path = bitmap.h; sourceTree = "<group>"; };
		5290C3FC1C0490270069818A /* FileManager.cpp */ = {isa = PBXFileReference; fileEncoding = 4; lastKnownFileType = sourcecode.cpp.cpp; path = FileManager.cpp; sourceTree = "<group>"; };
		5290C3FD1C0490270069818A /* FileManager.hpp */ = {isa = PBXFileReference; fileEncoding = 4; lastKnownFileType = sourcecode.cpp.h; path = FileManager.hpp; sourceTree = "<group>"; };
		5290C3FF1C0496200069818A /* ViewManager.cpp */ = {isa = PBXFileReference; fileEncoding = 4; lastKnownFileType = sourcecode.cpp.cpp; path = ViewManager.cpp; sourceTree = "<group>"; };
		5290C4001C0496200069818A /* ViewManager.hpp */ = {isa = PBXFileReference; fileEncoding = 4; lastKnownFileType = sourcecode.cpp.h; path = ViewManager.hpp; sourceTree = "<group>"; };
		5290C4021C04A3840069818A /* EventHandler.cpp */ = {isa = PBXFileReference; fileEncoding = 4; lastKnownFileType = sourcecode.cpp.cpp; path = EventHandler.cpp; sourceTree = "<group>"; };
		5290C4031C04A3840069818A /* EventHandler.hpp */ = {isa = PBXFileReference; fileEncoding = 4; lastKnownFileType = sourcecode.cpp.h; path = EventHandler.hpp; sourceTree = "<group>"; };
		5290C4051C04A5BB0069818A /* CameraManager.cpp */ = {isa = PBXFileReference; fileEncoding = 4; lastKnownFileType = sourcecode.cpp.cpp; path = CameraManager.cpp; sourceTree = "<group>"; };
		5290C4061C04A5BB0069818A /* CameraManager.hpp */ = {isa = PBXFileReference; fileEncoding = 4; lastKnownFileType = sourcecode.cpp.h; path = CameraManager.hpp; sourceTree = "<group>"; };
		5290C4081C04A7130069818A /* Render.cpp */ = {isa = PBXFileReference; fileEncoding = 4; lastKnownFileType = sourcecode.cpp.cpp; path = Render.cpp; sourceTree = "<group>"; };
		5290C4091C04A7130069818A /* Render.hpp */ = {isa = PBXFileReference; fileEncoding = 4; lastKnownFileType = sourcecode.cpp.h; path = Render.hpp; sourceTree = "<group>"; };
		52CB72CF1C03A8F90050739A /* FCGFileSystem */ = {isa = PBXFileReference; explicitFileType = "compiled.mach-o.executable"; includeInIndex = 0; path = FCGFileSystem; sourceTree = BUILT_PRODUCTS_DIR; };
		52CB72D21C03A8F90050739A /* main.cpp */ = {isa = PBXFileReference; lastKnownFileType = sourcecode.cpp.cpp; path = main.cpp; sourceTree = "<group>"; };
		62697A491C0496750009653B /* SolidSphere.cpp */ = {isa = PBXFileReference; fileEncoding = 4; lastKnownFileType = sourcecode.cpp.cpp; path = SolidSphere.cpp; sourceTree = "<group>"; };
		62697A4A1C0496750009653B /* SolidSphere.hpp */ = {isa = PBXFileReference; fileEncoding = 4; lastKnownFileType = sourcecode.cpp.h; path = SolidSphere.hpp; sourceTree = "<group>"; };
/* End PBXFileReference section */

/* Begin PBXFrameworksBuildPhase section */
		52CB72CC1C03A8F90050739A /* Frameworks */ = {
			isa = PBXFrameworksBuildPhase;
			buildActionMask = 2147483647;
			files = (
			);
			runOnlyForDeploymentPostprocessing = 0;
		};
/* End PBXFrameworksBuildPhase section */

/* Begin PBXGroup section */
		52CB72C61C03A8F90050739A = {
			isa = PBXGroup;
			children = (
				52CB72D11C03A8F90050739A /* FCGFileSystem */,
				52CB72D01C03A8F90050739A /* Products */,
			);
			sourceTree = "<group>";
		};
		52CB72D01C03A8F90050739A /* Products */ = {
			isa = PBXGroup;
			children = (
				52CB72CF1C03A8F90050739A /* FCGFileSystem */,
			);
			name = Products;
			sourceTree = "<group>";
		};
		52CB72D11C03A8F90050739A /* FCGFileSystem */ = {
			isa = PBXGroup;
			children = (
				52265F0D1C03AA1D0047A96F /* bitmap.c */,
				52265F0E1C03AA1D0047A96F /* bitmap.h */,
				5290C4051C04A5BB0069818A /* CameraManager.cpp */,
				5290C4061C04A5BB0069818A /* CameraManager.hpp */,
				5290C4021C04A3840069818A /* EventHandler.cpp */,
				5290C4031C04A3840069818A /* EventHandler.hpp */,
				5290C3FC1C0490270069818A /* FileManager.cpp */,
				5290C3FD1C0490270069818A /* FileManager.hpp */,
				52CB72D21C03A8F90050739A /* main.cpp */,
				5290C4081C04A7130069818A /* Render.cpp */,
				5290C4091C04A7130069818A /* Render.hpp */,
				5290C3FF1C0496200069818A /* ViewManager.cpp */,
				5290C4001C0496200069818A /* ViewManager.hpp */,
				62697A491C0496750009653B /* SolidSphere.cpp */,
				62697A4A1C0496750009653B /* SolidSphere.hpp */,
			);
			path = FCGFileSystem;
			sourceTree = "<group>";
		};
/* End PBXGroup section */

/* Begin PBXNativeTarget section */
		52CB72CE1C03A8F90050739A /* FCGFileSystem */ = {
			isa = PBXNativeTarget;
			buildConfigurationList = 52CB72D61C03A8F90050739A /* Build configuration list for PBXNativeTarget "FCGFileSystem" */;
			buildPhases = (
				52CB72CB1C03A8F90050739A /* Sources */,
				52CB72CC1C03A8F90050739A /* Frameworks */,
				52CB72CD1C03A8F90050739A /* CopyFiles */,
			);
			buildRules = (
			);
			dependencies = (
			);
			name = FCGFileSystem;
			productName = FCGFileSystem;
			productReference = 52CB72CF1C03A8F90050739A /* FCGFileSystem */;
			productType = "com.apple.product-type.tool";
		};
/* End PBXNativeTarget section */

/* Begin PBXProject section */
		52CB72C71C03A8F90050739A /* Project object */ = {
			isa = PBXProject;
			attributes = {
				LastUpgradeCheck = 0710;
				ORGANIZATIONNAME = PietroHenrique;
				TargetAttributes = {
					52CB72CE1C03A8F90050739A = {
						CreatedOnToolsVersion = 7.1.1;
					};
				};
			};
			buildConfigurationList = 52CB72CA1C03A8F90050739A /* Build configuration list for PBXProject "FCGFileSystem" */;
			compatibilityVersion = "Xcode 3.2";
			developmentRegion = English;
			hasScannedForEncodings = 0;
			knownRegions = (
				en,
			);
			mainGroup = 52CB72C61C03A8F90050739A;
			productRefGroup = 52CB72D01C03A8F90050739A /* Products */;
			projectDirPath = "";
			projectRoot = "";
			targets = (
				52CB72CE1C03A8F90050739A /* FCGFileSystem */,
			);
		};
/* End PBXProject section */

/* Begin PBXSourcesBuildPhase section */
		52CB72CB1C03A8F90050739A /* Sources */ = {
			isa = PBXSourcesBuildPhase;
			buildActionMask = 2147483647;
			files = (
				5290C4041C04A3840069818A /* EventHandler.cpp in Sources */,
				5290C3FE1C0490270069818A /* FileManager.cpp in Sources */,
				52265F0F1C03AA1D0047A96F /* bitmap.c in Sources */,
				5290C4011C0496200069818A /* ViewManager.cpp in Sources */,
				5290C4071C04A5BB0069818A /* CameraManager.cpp in Sources */,
				62697A4B1C0496750009653B /* SolidSphere.cpp in Sources */,
				52CB72D31C03A8F90050739A /* main.cpp in Sources */,
				5290C40A1C04A7130069818A /* Render.cpp in Sources */,
			);
			runOnlyForDeploymentPostprocessing = 0;
		};
/* End PBXSourcesBuildPhase section */

/* Begin XCBuildConfiguration section */
		52CB72D41C03A8F90050739A /* Debug */ = {
			isa = XCBuildConfiguration;
			buildSettings = {
				ALWAYS_SEARCH_USER_PATHS = NO;
				CLANG_CXX_LANGUAGE_STANDARD = "gnu++0x";
				CLANG_CXX_LIBRARY = "libc++";
				CLANG_ENABLE_MODULES = YES;
				CLANG_ENABLE_OBJC_ARC = YES;
				CLANG_WARN_BOOL_CONVERSION = YES;
				CLANG_WARN_CONSTANT_CONVERSION = YES;
				CLANG_WARN_DIRECT_OBJC_ISA_USAGE = YES_ERROR;
				CLANG_WARN_EMPTY_BODY = YES;
				CLANG_WARN_ENUM_CONVERSION = YES;
				CLANG_WARN_INT_CONVERSION = YES;
				CLANG_WARN_OBJC_ROOT_CLASS = YES_ERROR;
				CLANG_WARN_UNREACHABLE_CODE = YES;
				CLANG_WARN__DUPLICATE_METHOD_MATCH = YES;
				CODE_SIGN_IDENTITY = "-";
				COPY_PHASE_STRIP = NO;
				DEBUG_INFORMATION_FORMAT = dwarf;
				ENABLE_STRICT_OBJC_MSGSEND = YES;
				ENABLE_TESTABILITY = YES;
				GCC_C_LANGUAGE_STANDARD = gnu99;
				GCC_DYNAMIC_NO_PIC = NO;
				GCC_NO_COMMON_BLOCKS = YES;
				GCC_OPTIMIZATION_LEVEL = 0;
				GCC_PREPROCESSOR_DEFINITIONS = (
					"DEBUG=1",
					"$(inherited)",
				);
				GCC_WARN_64_TO_32_BIT_CONVERSION = YES;
				GCC_WARN_ABOUT_RETURN_TYPE = YES_ERROR;
				GCC_WARN_UNDECLARED_SELECTOR = YES;
				GCC_WARN_UNINITIALIZED_AUTOS = YES_AGGRESSIVE;
				GCC_WARN_UNUSED_FUNCTION = YES;
				GCC_WARN_UNUSED_VARIABLE = YES;
				HEADER_SEARCH_PATHS = "";
				LIBRARY_SEARCH_PATHS = "";
				MACOSX_DEPLOYMENT_TARGET = 10.7;
				MTL_ENABLE_DEBUG_INFO = YES;
				ONLY_ACTIVE_ARCH = YES;
				SDKROOT = macosx;
			};
			name = Debug;
		};
		52CB72D51C03A8F90050739A /* Release */ = {
			isa = XCBuildConfiguration;
			buildSettings = {
				ALWAYS_SEARCH_USER_PATHS = NO;
				CLANG_CXX_LANGUAGE_STANDARD = "gnu++0x";
				CLANG_CXX_LIBRARY = "libc++";
				CLANG_ENABLE_MODULES = YES;
				CLANG_ENABLE_OBJC_ARC = YES;
				CLANG_WARN_BOOL_CONVERSION = YES;
				CLANG_WARN_CONSTANT_CONVERSION = YES;
				CLANG_WARN_DIRECT_OBJC_ISA_USAGE = YES_ERROR;
				CLANG_WARN_EMPTY_BODY = YES;
				CLANG_WARN_ENUM_CONVERSION = YES;
				CLANG_WARN_INT_CONVERSION = YES;
				CLANG_WARN_OBJC_ROOT_CLASS = YES_ERROR;
				CLANG_WARN_UNREACHABLE_CODE = YES;
				CLANG_WARN__DUPLICATE_METHOD_MATCH = YES;
				CODE_SIGN_IDENTITY = "-";
				COPY_PHASE_STRIP = NO;
				DEBUG_INFORMATION_FORMAT = "dwarf-with-dsym";
				ENABLE_NS_ASSERTIONS = NO;
				ENABLE_STRICT_OBJC_MSGSEND = YES;
				GCC_C_LANGUAGE_STANDARD = gnu99;
				GCC_NO_COMMON_BLOCKS = YES;
				GCC_WARN_64_TO_32_BIT_CONVERSION = YES;
				GCC_WARN_ABOUT_RETURN_TYPE = YES_ERROR;
				GCC_WARN_UNDECLARED_SELECTOR = YES;
				GCC_WARN_UNINITIALIZED_AUTOS = YES_AGGRESSIVE;
				GCC_WARN_UNUSED_FUNCTION = YES;
				GCC_WARN_UNUSED_VARIABLE = YES;
				HEADER_SEARCH_PATHS = "";
				LIBRARY_SEARCH_PATHS = "";
				MACOSX_DEPLOYMENT_TARGET = 10.7;
				MTL_ENABLE_DEBUG_INFO = NO;
				SDKROOT = macosx;
			};
			name = Release;
		};
		52CB72D71C03A8F90050739A /* Debug */ = {
			isa = XCBuildConfiguration;
			buildSettings = {
				LIBRARY_SEARCH_PATHS = "";
				PRODUCT_NAME = "$(TARGET_NAME)";
			};
			name = Debug;
		};
		52CB72D81C03A8F90050739A /* Release */ = {
			isa = XCBuildConfiguration;
			buildSettings = {
				LIBRARY_SEARCH_PATHS = "";
				PRODUCT_NAME = "$(TARGET_NAME)";
			};
			name = Release;
		};
/* End XCBuildConfiguration section */

/* Begin XCConfigurationList section */
		52CB72CA1C03A8F90050739A /* Build configuration list for PBXProject "FCGFileSystem" */ = {
			isa = XCConfigurationList;
			buildConfigurations = (
				52CB72D41C03A8F90050739A /* Debug */,
				52CB72D51C03A8F90050739A /* Release */,
			);
			defaultConfigurationIsVisible = 0;
			defaultConfigurationName = Release;
		};
		52CB72D61C03A8F90050739A /* Build configuration list for PBXNativeTarget "FCGFileSystem" */ = {
			isa = XCConfigurationList;
			buildConfigurations = (
				52CB72D71C03A8F90050739A /* Debug */,
				52CB72D81C03A8F90050739A /* Release */,
			);
			defaultConfigurationIsVisible = 0;
			defaultConfigurationName = Release;
		};
/* End XCConfigurationList section */
	};
	rootObject = 52CB72C71C03A8F90050739A /* Project object */;
}
